
Microsoft Visual Studio Solution File, Format Version 12.00
# Visual Studio Version 16
VisualStudioVersion = 16.0.31729.503
MinimumVisualStudioVersion = 10.0.40219.1
Project("{FAE04EC0-301F-11D3-BF4B-00C04F79EFBC}") = "CoffeeShopApp.UWP", "CoffeeShopApp.UWP\CoffeeShopApp.UWP.csproj", "{54341CB4-5632-49A6-8595-517E343BA8B4}"
EndProject
Project("{FAE04EC0-301F-11D3-BF4B-00C04F79EFBC}") = "CoffeeShopApp.Android", "CoffeeShopApp.Android\CoffeeShopApp.Android.csproj", "{33AF32E9-FF56-4069-BC69-8FBFA793B604}"
EndProject
Project("{FAE04EC0-301F-11D3-BF4B-00C04F79EFBC}") = "CoffeeShopApp.iOS", "CoffeeShopApp.iOS\CoffeeShopApp.iOS.csproj", "{DAE4FDCB-703E-4FD2-8749-991DB5E718AB}"
EndProject
Project("{FAE04EC0-301F-11D3-BF4B-00C04F79EFBC}") = "CoffeeShopApp", "CoffeeShopApp\CoffeeShopApp.csproj", "{A19630C1-5881-45AD-8A3E-0253C8B24180}"
EndProject
Global
	GlobalSection(SolutionConfigurationPlatforms) = preSolution
		Debug|Any CPU = Debug|Any CPU
		Debug|ARM = Debug|ARM
		Debug|iPhone = Debug|iPhone
		Debug|iPhoneSimulator = Debug|iPhoneSimulator
		Debug|x64 = Debug|x64
		Debug|x86 = Debug|x86
		Release|Any CPU = Release|Any CPU
		Release|ARM = Release|ARM
		Release|iPhone = Release|iPhone
		Release|iPhoneSimulator = Release|iPhoneSimulator
		Release|x64 = Release|x64
		Release|x86 = Release|x86
	EndGlobalSection
	GlobalSection(ProjectConfigurationPlatforms) = postSolution
		{54341CB4-5632-49A6-8595-517E343BA8B4}.Debug|Any CPU.ActiveCfg = Debug|x86
		{54341CB4-5632-49A6-8595-517E343BA8B4}.Debug|Any CPU.Build.0 = Debug|x86
		{54341CB4-5632-49A6-8595-517E343BA8B4}.Debug|Any CPU.Deploy.0 = Debug|x86
		{54341CB4-5632-49A6-8595-517E343BA8B4}.Debug|ARM.ActiveCfg = Debug|ARM
		{54341CB4-5632-49A6-8595-517E343BA8B4}.Debug|ARM.Build.0 = Debug|ARM
		{54341CB4-5632-49A6-8595-517E343BA8B4}.Debug|ARM.Deploy.0 = Debug|ARM
		{54341CB4-5632-49A6-8595-517E343BA8B4}.Debug|iPhone.ActiveCfg = Debug|x86
		{54341CB4-5632-49A6-8595-517E343BA8B4}.Debug|iPhone.Build.0 = Debug|x86
		{54341CB4-5632-49A6-8595-517E343BA8B4}.Debug|iPhone.Deploy.0 = Debug|x86
		{54341CB4-5632-49A6-8595-517E343BA8B4}.Debug|iPhoneSimulator.ActiveCfg = Debug|x86
		{54341CB4-5632-49A6-8595-517E343BA8B4}.Debug|iPhoneSimulator.Build.0 = Debug|x86
		{54341CB4-5632-49A6-8595-517E343BA8B4}.Debug|iPhoneSimulator.Deploy.0 = Debug|x86
		{54341CB4-5632-49A6-8595-517E343BA8B4}.Debug|x64.ActiveCfg = Debug|x64
		{54341CB4-5632-49A6-8595-517E343BA8B4}.Debug|x64.Build.0 = Debug|x64
		{54341CB4-5632-49A6-8595-517E343BA8B4}.Debug|x64.Deploy.0 = Debug|x64
		{54341CB4-5632-49A6-8595-517E343BA8B4}.Debug|x86.ActiveCfg = Debug|x86
		{54341CB4-5632-49A6-8595-517E343BA8B4}.Debug|x86.Build.0 = Debug|x86
		{54341CB4-5632-49A6-8595-517E343BA8B4}.Debug|x86.Deploy.0 = Debug|x86
		{54341CB4-5632-49A6-8595-517E343BA8B4}.Release|Any CPU.ActiveCfg = Release|x86
		{54341CB4-5632-49A6-8595-517E343BA8B4}.Release|Any CPU.Build.0 = Release|x86
		{54341CB4-5632-49A6-8595-517E343BA8B4}.Release|Any CPU.Deploy.0 = Release|x86
		{54341CB4-5632-49A6-8595-517E343BA8B4}.Release|ARM.ActiveCfg = Release|ARM
		{54341CB4-5632-49A6-8595-517E343BA8B4}.Release|ARM.Build.0 = Release|ARM
		{54341CB4-5632-49A6-8595-517E343BA8B4}.Release|ARM.Deploy.0 = Release|ARM
		{54341CB4-5632-49A6-8595-517E343BA8B4}.Release|iPhone.ActiveCfg = Release|x86
		{54341CB4-5632-49A6-8595-517E343BA8B4}.Release|iPhone.Build.0 = Release|x86
		{54341CB4-5632-49A6-8595-517E343BA8B4}.Release|iPhone.Deploy.0 = Release|x86
		{54341CB4-5632-49A6-8595-517E343BA8B4}.Release|iPhoneSimulator.ActiveCfg = Release|x86
		{54341CB4-5632-49A6-8595-517E343BA8B4}.Release|iPhoneSimulator.Build.0 = Release|x86
		{54341CB4-5632-49A6-8595-517E343BA8B4}.Release|iPhoneSimulator.Deploy.0 = Release|x86
		{54341CB4-5632-49A6-8595-517E343BA8B4}.Release|x64.ActiveCfg = Release|x64
		{54341CB4-5632-49A6-8595-517E343BA8B4}.Release|x64.Build.0 = Release|x64
		{54341CB4-5632-49A6-8595-517E343BA8B4}.Release|x64.Deploy.0 = Release|x64
		{54341CB4-5632-49A6-8595-517E343BA8B4}.Release|x86.ActiveCfg = Release|x86
		{54341CB4-5632-49A6-8595-517E343BA8B4}.Release|x86.Build.0 = Release|x86
		{54341CB4-5632-49A6-8595-517E343BA8B4}.Release|x86.Deploy.0 = Release|x86
		{33AF32E9-FF56-4069-BC69-8FBFA793B604}.Debug|Any CPU.ActiveCfg = Debug|Any CPU
		{33AF32E9-FF56-4069-BC69-8FBFA793B604}.Debug|Any CPU.Build.0 = Debug|Any CPU
		{33AF32E9-FF56-4069-BC69-8FBFA793B604}.Debug|Any CPU.Deploy.0 = Debug|Any CPU
		{33AF32E9-FF56-4069-BC69-8FBFA793B604}.Debug|ARM.ActiveCfg = Debug|Any CPU
		{33AF32E9-FF56-4069-BC69-8FBFA793B604}.Debug|ARM.Build.0 = Debug|Any CPU
		{33AF32E9-FF56-4069-BC69-8FBFA793B604}.Debug|ARM.Deploy.0 = Debug|Any CPU
		{33AF32E9-FF56-4069-BC69-8FBFA793B604}.Debug|iPhone.ActiveCfg = Debug|Any CPU
		{33AF32E9-FF56-4069-BC69-8FBFA793B604}.Debug|iPhone.Build.0 = Debug|Any CPU
		{33AF32E9-FF56-4069-BC69-8FBFA793B604}.Debug|iPhone.Deploy.0 = Debug|Any CPU
		{33AF32E9-FF56-4069-BC69-8FBFA793B604}.Debug|iPhoneSimulator.ActiveCfg = Debug|Any CPU
		{33AF32E9-FF56-4069-BC69-8FBFA793B604}.Debug|iPhoneSimulator.Build.0 = Debug|Any CPU
		{33AF32E9-FF56-4069-BC69-8FBFA793B604}.Debug|iPhoneSimulator.Deploy.0 = Debug|Any CPU
		{33AF32E9-FF56-4069-BC69-8FBFA793B604}.Debug|x64.ActiveCfg = Debug|Any CPU
		{33AF32E9-FF56-4069-BC69-8FBFA793B604}.Debug|x64.Build.0 = Debug|Any CPU
		{33AF32E9-FF56-4069-BC69-8FBFA793B604}.Debug|x64.Deploy.0 = Debug|Any CPU
		{33AF32E9-FF56-4069-BC69-8FBFA793B604}.Debug|x86.ActiveCfg = Debug|Any CPU
		{33AF32E9-FF56-4069-BC69-8FBFA793B604}.Debug|x86.Build.0 = Debug|Any CPU
		{33AF32E9-FF56-4069-BC69-8FBFA793B604}.Debug|x86.Deploy.0 = Debug|Any CPU
		{33AF32E9-FF56-4069-BC69-8FBFA793B604}.Release|Any CPU.ActiveCfg = Release|Any CPU
		{33AF32E9-FF56-4069-BC69-8FBFA793B604}.Release|Any CPU.Build.0 = Release|Any CPU
		{33AF32E9-FF56-4069-BC69-8FBFA793B604}.Release|Any CPU.Deploy.0 = Release|Any CPU
		{33AF32E9-FF56-4069-BC69-8FBFA793B604}.Release|ARM.ActiveCfg = Release|Any CPU
		{33AF32E9-FF56-4069-BC69-8FBFA793B604}.Release|ARM.Build.0 = Release|Any CPU
		{33AF32E9-FF56-4069-BC69-8FBFA793B604}.Release|ARM.Deploy.0 = Release|Any CPU
		{33AF32E9-FF56-4069-BC69-8FBFA793B604}.Release|iPhone.ActiveCfg = Release|Any CPU
		{33AF32E9-FF56-4069-BC69-8FBFA793B604}.Release|iPhone.Build.0 = Release|Any CPU
		{33AF32E9-FF56-4069-BC69-8FBFA793B604}.Release|iPhone.Deploy.0 = Release|Any CPU
		{33AF32E9-FF56-4069-BC69-8FBFA793B604}.Release|iPhoneSimulator.ActiveCfg = Release|Any CPU
		{33AF32E9-FF56-4069-BC69-8FBFA793B604}.Release|iPhoneSimulator.Build.0 = Release|Any CPU
		{33AF32E9-FF56-4069-BC69-8FBFA793B604}.Release|iPhoneSimulator.Deploy.0 = Release|Any CPU
		{33AF32E9-FF56-4069-BC69-8FBFA793B604}.Release|x64.ActiveCfg = Release|Any CPU
		{33AF32E9-FF56-4069-BC69-8FBFA793B604}.Release|x64.Build.0 = Release|Any CPU
		{33AF32E9-FF56-4069-BC69-8FBFA793B604}.Release|x64.Deploy.0 = Release|Any CPU
		{33AF32E9-FF56-4069-BC69-8FBFA793B604}.Release|x86.ActiveCfg = Release|Any CPU
		{33AF32E9-FF56-4069-BC69-8FBFA793B604}.Release|x86.Build.0 = Release|Any CPU
		{33AF32E9-FF56-4069-BC69-8FBFA793B604}.Release|x86.Deploy.0 = Release|Any CPU
		{DAE4FDCB-703E-4FD2-8749-991DB5E718AB}.Debug|Any CPU.ActiveCfg = Debug|iPhoneSimulator
		{DAE4FDCB-703E-4FD2-8749-991DB5E718AB}.Debug|Any CPU.Build.0 = Debug|iPhoneSimulator
		{DAE4FDCB-703E-4FD2-8749-991DB5E718AB}.Debug|Any CPU.Deploy.0 = Debug|iPhoneSimulator
		{DAE4FDCB-703E-4FD2-8749-991DB5E718AB}.Debug|ARM.ActiveCfg = Debug|iPhone
		{DAE4FDCB-703E-4FD2-8749-991DB5E718AB}.Debug|ARM.Build.0 = Debug|iPhone
		{DAE4FDCB-703E-4FD2-8749-991DB5E718AB}.Debug|ARM.Deploy.0 = Debug|iPhone
		{DAE4FDCB-703E-4FD2-8749-991DB5E718AB}.Debug|iPhone.ActiveCfg = Debug|iPhone
		{DAE4FDCB-703E-4FD2-8749-991DB5E718AB}.Debug|iPhone.Build.0 = Debug|iPhone
		{DAE4FDCB-703E-4FD2-8749-991DB5E718AB}.Debug|iPhone.Deploy.0 = Debug|iPhone
		{DAE4FDCB-703E-4FD2-8749-991DB5E718AB}.Debug|iPhoneSimulator.ActiveCfg = Debug|iPhoneSimulator
		{DAE4FDCB-703E-4FD2-8749-991DB5E718AB}.Debug|iPhoneSimulator.Build.0 = Debug|iPhoneSimulator
		{DAE4FDCB-703E-4FD2-8749-991DB5E718AB}.Debug|iPhoneSimulator.Deploy.0 = Debug|iPhoneSimulator
		{DAE4FDCB-703E-4FD2-8749-991DB5E718AB}.Debug|x64.ActiveCfg = Debug|iPhoneSimulator
		{DAE4FDCB-703E-4FD2-8749-991DB5E718AB}.Debug|x64.Build.0 = Debug|iPhoneSimulator
		{DAE4FDCB-703E-4FD2-8749-991DB5E718AB}.Debug|x64.Deploy.0 = Debug|iPhoneSimulator
		{DAE4FDCB-703E-4FD2-8749-991DB5E718AB}.Debug|x86.ActiveCfg = Debug|iPhoneSimulator
		{DAE4FDCB-703E-4FD2-8749-991DB5E718AB}.Debug|x86.Build.0 = Debug|iPhoneSimulator
		{DAE4FDCB-703E-4FD2-8749-991DB5E718AB}.Debug|x86.Deploy.0 = Debug|iPhoneSimulator
		{DAE4FDCB-703E-4FD2-8749-991DB5E718AB}.Release|Any CPU.ActiveCfg = Release|iPhoneSimulator
		{DAE4FDCB-703E-4FD2-8749-991DB5E718AB}.Release|Any CPU.Build.0 = Release|iPhoneSimulator
		{DAE4FDCB-703E-4FD2-8749-991DB5E718AB}.Release|Any CPU.Deploy.0 = Release|iPhoneSimulator
		{DAE4FDCB-703E-4FD2-8749-991DB5E718AB}.Release|ARM.ActiveCfg = Release|iPhoneSimulator
		{DAE4FDCB-703E-4FD2-8749-991DB5E718AB}.Release|ARM.Build.0 = Release|iPhoneSimulator
		{DAE4FDCB-703E-4FD2-8749-991DB5E718AB}.Release|ARM.Deploy.0 = Release|iPhoneSimulator
		{DAE4FDCB-703E-4FD2-8749-991DB5E718AB}.Release|iPhone.ActiveCfg = Release|iPhone
		{DAE4FDCB-703E-4FD2-8749-991DB5E718AB}.Release|iPhone.Build.0 = Release|iPhone
		{DAE4FDCB-703E-4FD2-8749-991DB5E718AB}.Release|iPhone.Deploy.0 = Release|iPhone
		{DAE4FDCB-703E-4FD2-8749-991DB5E718AB}.Release|iPhoneSimulator.ActiveCfg = Release|iPhoneSimulator
		{DAE4FDCB-703E-4FD2-8749-991DB5E718AB}.Release|iPhoneSimulator.Build.0 = Release|iPhoneSimulator
		{DAE4FDCB-703E-4FD2-8749-991DB5E718AB}.Release|iPhoneSimulator.Deploy.0 = Release|iPhoneSimulator
		{DAE4FDCB-703E-4FD2-8749-991DB5E718AB}.Release|x64.ActiveCfg = Release|iPhoneSimulator
		{DAE4FDCB-703E-4FD2-8749-991DB5E718AB}.Release|x64.Build.0 = Release|iPhoneSimulator
		{DAE4FDCB-703E-4FD2-8749-991DB5E718AB}.Release|x64.Deploy.0 = Release|iPhoneSimulator
		{DAE4FDCB-703E-4FD2-8749-991DB5E718AB}.Release|x86.ActiveCfg = Release|iPhoneSimulator
		{DAE4FDCB-703E-4FD2-8749-991DB5E718AB}.Release|x86.Build.0 = Release|iPhoneSimulator
		{DAE4FDCB-703E-4FD2-8749-991DB5E718AB}.Release|x86.Deploy.0 = Release|iPhoneSimulator
		{A19630C1-5881-45AD-8A3E-0253C8B24180}.Debug|Any CPU.ActiveCfg = Debug|Any CPU
		{A19630C1-5881-45AD-8A3E-0253C8B24180}.Debug|Any CPU.Build.0 = Debug|Any CPU
		{A19630C1-5881-45AD-8A3E-0253C8B24180}.Debug|Any CPU.Deploy.0 = Debug|Any CPU
		{A19630C1-5881-45AD-8A3E-0253C8B24180}.Debug|ARM.ActiveCfg = Debug|Any CPU
		{A19630C1-5881-45AD-8A3E-0253C8B24180}.Debug|ARM.Build.0 = Debug|Any CPU
		{A19630C1-5881-45AD-8A3E-0253C8B24180}.Debug|ARM.Deploy.0 = Debug|Any CPU
		{A19630C1-5881-45AD-8A3E-0253C8B24180}.Debug|iPhone.ActiveCfg = Debug|Any CPU
		{A19630C1-5881-45AD-8A3E-0253C8B24180}.Debug|iPhone.Build.0 = Debug|Any CPU
		{A19630C1-5881-45AD-8A3E-0253C8B24180}.Debug|iPhone.Deploy.0 = Debug|Any CPU
		{A19630C1-5881-45AD-8A3E-0253C8B24180}.Debug|iPhoneSimulator.ActiveCfg = Debug|Any CPU
		{A19630C1-5881-45AD-8A3E-0253C8B24180}.Debug|iPhoneSimulator.Build.0 = Debug|Any CPU
		{A19630C1-5881-45AD-8A3E-0253C8B24180}.Debug|iPhoneSimulator.Deploy.0 = Debug|Any CPU
		{A19630C1-5881-45AD-8A3E-0253C8B24180}.Debug|x64.ActiveCfg = Debug|Any CPU
		{A19630C1-5881-45AD-8A3E-0253C8B24180}.Debug|x64.Build.0 = Debug|Any CPU
		{A19630C1-5881-45AD-8A3E-0253C8B24180}.Debug|x64.Deploy.0 = Debug|Any CPU
		{A19630C1-5881-45AD-8A3E-0253C8B24180}.Debug|x86.ActiveCfg = Debug|Any CPU
		{A19630C1-5881-45AD-8A3E-0253C8B24180}.Debug|x86.Build.0 = Debug|Any CPU
		{A19630C1-5881-45AD-8A3E-0253C8B24180}.Debug|x86.Deploy.0 = Debug|Any CPU
		{A19630C1-5881-45AD-8A3E-0253C8B24180}.Release|Any CPU.ActiveCfg = Release|Any CPU
		{A19630C1-5881-45AD-8A3E-0253C8B24180}.Release|Any CPU.Build.0 = Release|Any CPU
		{A19630C1-5881-45AD-8A3E-0253C8B24180}.Release|Any CPU.Deploy.0 = Release|Any CPU
		{A19630C1-5881-45AD-8A3E-0253C8B24180}.Release|ARM.ActiveCfg = Release|Any CPU
		{A19630C1-5881-45AD-8A3E-0253C8B24180}.Release|ARM.Build.0 = Release|Any CPU
		{A19630C1-5881-45AD-8A3E-0253C8B24180}.Release|ARM.Deploy.0 = Release|Any CPU
		{A19630C1-5881-45AD-8A3E-0253C8B24180}.Release|iPhone.ActiveCfg = Release|Any CPU
		{A19630C1-5881-45AD-8A3E-0253C8B24180}.Release|iPhone.Build.0 = Release|Any CPU
		{A19630C1-5881-45AD-8A3E-0253C8B24180}.Release|iPhone.Deploy.0 = Release|Any CPU
		{A19630C1-5881-45AD-8A3E-0253C8B24180}.Release|iPhoneSimulator.ActiveCfg = Release|Any CPU
		{A19630C1-5881-45AD-8A3E-0253C8B24180}.Release|iPhoneSimulator.Build.0 = Release|Any CPU
		{A19630C1-5881-45AD-8A3E-0253C8B24180}.Release|iPhoneSimulator.Deploy.0 = Release|Any CPU
		{A19630C1-5881-45AD-8A3E-0253C8B24180}.Release|x64.ActiveCfg = Release|Any CPU
		{A19630C1-5881-45AD-8A3E-0253C8B24180}.Release|x64.Build.0 = Release|Any CPU
		{A19630C1-5881-45AD-8A3E-0253C8B24180}.Release|x64.Deploy.0 = Release|Any CPU
		{A19630C1-5881-45AD-8A3E-0253C8B24180}.Release|x86.ActiveCfg = Release|Any CPU
		{A19630C1-5881-45AD-8A3E-0253C8B24180}.Release|x86.Build.0 = Release|Any CPU
		{A19630C1-5881-45AD-8A3E-0253C8B24180}.Release|x86.Deploy.0 = Release|Any CPU
	EndGlobalSection
	GlobalSection(SolutionProperties) = preSolution
		HideSolutionNode = FALSE
	EndGlobalSection
	GlobalSection(ExtensibilityGlobals) = postSolution
		SolutionGuid = {98CECE85-7BE4-4B78-9469-0FF2496863A5}
	EndGlobalSection
EndGlobal
